
Microsoft Visual Studio Solution File, Format Version 12.00
# Visual Studio Version 16
VisualStudioVersion = 16.0.31613.86
MinimumVisualStudioVersion = 10.0.40219.1
Project("{FAE04EC0-301F-11D3-BF4B-00C04F79EFBC}") = "lab10", "lab10.csproj", "{A3079B51-E31F-4285-8A5B-42E53968CF85}"
EndProject
Global
	GlobalSection(SolutionConfigurationPlatforms) = preSolution
		Debug|Any CPU = Debug|Any CPU
		Release|Any CPU = Release|Any CPU
	EndGlobalSection
	GlobalSection(ProjectConfigurationPlatforms) = postSolution
		{A3079B51-E31F-4285-8A5B-42E53968CF85}.Debug|Any CPU.ActiveCfg = Debug|Any CPU
		{A3079B51-E31F-4285-8A5B-42E53968CF85}.Debug|Any CPU.Build.0 = Debug|Any CPU
		{A3079B51-E31F-4285-8A5B-42E53968CF85}.Release|Any CPU.ActiveCfg = Release|Any CPU
		{A3079B51-E31F-4285-8A5B-42E53968CF85}.Release|Any CPU.Build.0 = Release|Any CPU
	EndGlobalSection
	GlobalSection(SolutionProperties) = preSolution
		HideSolutionNode = FALSE
	EndGlobalSection
	GlobalSection(ExtensibilityGlobals) = postSolution
		SolutionGuid = {C3F185A8-63E2-44FD-9A3A-C829E60E2001}
	EndGlobalSection
EndGlobal
