
Microsoft Visual Studio Solution File, Format Version 12.00
# Visual Studio Version 16
VisualStudioVersion = 16.0.31613.86
MinimumVisualStudioVersion = 10.0.40219.1
Project("{FAE04EC0-301F-11D3-BF4B-00C04F79EFBC}") = "Lab02-01", "Lab02-01.csproj", "{4F43E5C6-E91D-4375-B58E-7137B38D5505}"
EndProject
Global
	GlobalSection(SolutionConfigurationPlatforms) = preSolution
		Debug|Any CPU = Debug|Any CPU
		Release|Any CPU = Release|Any CPU
	EndGlobalSection
	GlobalSection(ProjectConfigurationPlatforms) = postSolution
		{4F43E5C6-E91D-4375-B58E-7137B38D5505}.Debug|Any CPU.ActiveCfg = Debug|Any CPU
		{4F43E5C6-E91D-4375-B58E-7137B38D5505}.Debug|Any CPU.Build.0 = Debug|Any CPU
		{4F43E5C6-E91D-4375-B58E-7137B38D5505}.Release|Any CPU.ActiveCfg = Release|Any CPU
		{4F43E5C6-E91D-4375-B58E-7137B38D5505}.Release|Any CPU.Build.0 = Release|Any CPU
	EndGlobalSection
	GlobalSection(SolutionProperties) = preSolution
		HideSolutionNode = FALSE
	EndGlobalSection
	GlobalSection(ExtensibilityGlobals) = postSolution
		SolutionGuid = {D0631E1A-CECD-4844-B7DC-D6471DB5C1DC}
	EndGlobalSection
EndGlobal
