
Microsoft Visual Studio Solution File, Format Version 12.00
# Visual Studio Version 16
VisualStudioVersion = 16.0.31613.86
MinimumVisualStudioVersion = 10.0.40219.1
Project("{FAE04EC0-301F-11D3-BF4B-00C04F79EFBC}") = "Lab03", "Lab03.csproj", "{AB6F3648-71C7-4F8F-9A52-2C1A11E98795}"
EndProject
Global
	GlobalSection(SolutionConfigurationPlatforms) = preSolution
		Debug|Any CPU = Debug|Any CPU
		Release|Any CPU = Release|Any CPU
	EndGlobalSection
	GlobalSection(ProjectConfigurationPlatforms) = postSolution
		{AB6F3648-71C7-4F8F-9A52-2C1A11E98795}.Debug|Any CPU.ActiveCfg = Debug|Any CPU
		{AB6F3648-71C7-4F8F-9A52-2C1A11E98795}.Debug|Any CPU.Build.0 = Debug|Any CPU
		{AB6F3648-71C7-4F8F-9A52-2C1A11E98795}.Release|Any CPU.ActiveCfg = Release|Any CPU
		{AB6F3648-71C7-4F8F-9A52-2C1A11E98795}.Release|Any CPU.Build.0 = Release|Any CPU
	EndGlobalSection
	GlobalSection(SolutionProperties) = preSolution
		HideSolutionNode = FALSE
	EndGlobalSection
	GlobalSection(ExtensibilityGlobals) = postSolution
		SolutionGuid = {34AAB1A6-80EB-40B3-91A5-CA8FAD56D9A4}
	EndGlobalSection
EndGlobal
